
Microsoft Visual Studio Solution File, Format Version 12.00
# Visual Studio Version 17
VisualStudioVersion = 17.8.34330.188
MinimumVisualStudioVersion = 10.0.40219.1
Project("{FAE04EC0-301F-11D3-BF4B-00C04F79EFBC}") = "StudentForm", "Webforms1\StudentForm.csproj", "{0B018268-5EAB-4B62-B826-995EDAC41015}"
EndProject
Global
	GlobalSection(SolutionConfigurationPlatforms) = preSolution
		Debug|Any CPU = Debug|Any CPU
		Release|Any CPU = Release|Any CPU
	EndGlobalSection
	GlobalSection(ProjectConfigurationPlatforms) = postSolution
		{0B018268-5EAB-4B62-B826-995EDAC41015}.Debug|Any CPU.ActiveCfg = Debug|Any CPU
		{0B018268-5EAB-4B62-B826-995EDAC41015}.Debug|Any CPU.Build.0 = Debug|Any CPU
		{0B018268-5EAB-4B62-B826-995EDAC41015}.Release|Any CPU.ActiveCfg = Release|Any CPU
		{0B018268-5EAB-4B62-B826-995EDAC41015}.Release|Any CPU.Build.0 = Release|Any CPU
	EndGlobalSection
	GlobalSection(SolutionProperties) = preSolution
		HideSolutionNode = FALSE
	EndGlobalSection
	GlobalSection(ExtensibilityGlobals) = postSolution
		SolutionGuid = {3D3DA477-3D5D-4A52-84D0-E9A6578C1082}
	EndGlobalSection
EndGlobal
